
Microsoft Visual Studio Solution File, Format Version 12.00
# Visual Studio 15
VisualStudioVersion = 15.0.28307.421
MinimumVisualStudioVersion = 10.0.40219.1
Project("{FAE04EC0-301F-11D3-BF4B-00C04F79EFBC}") = "since2013", "since2013\since2013.csproj", "{043EBB7C-3C0C-456B-A8C0-C89F83E640E5}"
EndProject
Global
	GlobalSection(SolutionConfigurationPlatforms) = preSolution
		Debug|Any CPU = Debug|Any CPU
		Release|Any CPU = Release|Any CPU
	EndGlobalSection
	GlobalSection(ProjectConfigurationPlatforms) = postSolution
		{043EBB7C-3C0C-456B-A8C0-C89F83E640E5}.Debug|Any CPU.ActiveCfg = Debug|Any CPU
		{043EBB7C-3C0C-456B-A8C0-C89F83E640E5}.Debug|Any CPU.Build.0 = Debug|Any CPU
		{043EBB7C-3C0C-456B-A8C0-C89F83E640E5}.Release|Any CPU.ActiveCfg = Release|Any CPU
		{043EBB7C-3C0C-456B-A8C0-C89F83E640E5}.Release|Any CPU.Build.0 = Release|Any CPU
	EndGlobalSection
	GlobalSection(SolutionProperties) = preSolution
		HideSolutionNode = FALSE
	EndGlobalSection
	GlobalSection(ExtensibilityGlobals) = postSolution
		SolutionGuid = {4A6757F0-194E-464C-BE12-182C1A2C2ED9}
	EndGlobalSection
EndGlobal
